
Microsoft Visual Studio Solution File, Format Version 12.00
# Visual Studio Version 17
VisualStudioVersion = 17.9.34622.214
MinimumVisualStudioVersion = 10.0.40219.1
Project("{9A19103F-16F7-4668-BE54-9A1E7A4F7556}") = "Interfaces", "Interfaces\Interfaces.csproj", "{90EF4242-D762-4785-8EC5-3D41322FA96D}"
EndProject
Global
	GlobalSection(SolutionConfigurationPlatforms) = preSolution
		Debug|Any CPU = Debug|Any CPU
		Release|Any CPU = Release|Any CPU
	EndGlobalSection
	GlobalSection(ProjectConfigurationPlatforms) = postSolution
		{90EF4242-D762-4785-8EC5-3D41322FA96D}.Debug|Any CPU.ActiveCfg = Debug|Any CPU
		{90EF4242-D762-4785-8EC5-3D41322FA96D}.Debug|Any CPU.Build.0 = Debug|Any CPU
		{90EF4242-D762-4785-8EC5-3D41322FA96D}.Release|Any CPU.ActiveCfg = Release|Any CPU
		{90EF4242-D762-4785-8EC5-3D41322FA96D}.Release|Any CPU.Build.0 = Release|Any CPU
	EndGlobalSection
	GlobalSection(SolutionProperties) = preSolution
		HideSolutionNode = FALSE
	EndGlobalSection
	GlobalSection(ExtensibilityGlobals) = postSolution
		SolutionGuid = {08B89769-67EF-4088-BA93-FDE1ADF7D46B}
	EndGlobalSection
EndGlobal
